
Microsoft Visual Studio Solution File, Format Version 12.00
# Visual Studio Version 17
VisualStudioVersion = 17.3.32929.385
MinimumVisualStudioVersion = 10.0.40219.1
Project("{FAE04EC0-301F-11D3-BF4B-00C04F79EFBC}") = "lab3", "lab3.csproj", "{13F98FEB-241D-4C84-9262-B399B13E4028}"
EndProject
Global
	GlobalSection(SolutionConfigurationPlatforms) = preSolution
		Debug|Any CPU = Debug|Any CPU
		Release|Any CPU = Release|Any CPU
	EndGlobalSection
	GlobalSection(ProjectConfigurationPlatforms) = postSolution
		{13F98FEB-241D-4C84-9262-B399B13E4028}.Debug|Any CPU.ActiveCfg = Debug|Any CPU
		{13F98FEB-241D-4C84-9262-B399B13E4028}.Debug|Any CPU.Build.0 = Debug|Any CPU
		{13F98FEB-241D-4C84-9262-B399B13E4028}.Release|Any CPU.ActiveCfg = Release|Any CPU
		{13F98FEB-241D-4C84-9262-B399B13E4028}.Release|Any CPU.Build.0 = Release|Any CPU
	EndGlobalSection
	GlobalSection(SolutionProperties) = preSolution
		HideSolutionNode = FALSE
	EndGlobalSection
	GlobalSection(ExtensibilityGlobals) = postSolution
		SolutionGuid = {2189633E-C6D7-44BA-BA7A-4B6843CE5AC5}
	EndGlobalSection
EndGlobal
